// !$*UTF8*$!
{
	archiveVersion = 1;
	classes = {
	};
	objectVersion = 46;
	objects = {

/* Begin PBXBuildFile section */
		6715FE6320E4A415004D1242 /* Connectivity.swift in Sources */ = {isa = PBXBuildFile; fileRef = 6715FE6220E4A415004D1242 /* Connectivity.swift */; };
		6715FE6F20E4C1F0004D1242 /* DexcomHelper.swift in Sources */ = {isa = PBXBuildFile; fileRef = 6715FE6E20E4C1F0004D1242 /* DexcomHelper.swift */; };
		6762AE151F1EA7B2003106D5 /* AppDelegate.swift in Sources */ = {isa = PBXBuildFile; fileRef = 6762AE141F1EA7B2003106D5 /* AppDelegate.swift */; };
		6762AE171F1EA7B2003106D5 /* ViewController.swift in Sources */ = {isa = PBXBuildFile; fileRef = 6762AE161F1EA7B2003106D5 /* ViewController.swift */; };
		6762AE191F1EA7B2003106D5 /* Assets.xcassets in Resources */ = {isa = PBXBuildFile; fileRef = 6762AE181F1EA7B2003106D5 /* Assets.xcassets */; };
		6762AE1C1F1EA7B2003106D5 /* Main.storyboard in Resources */ = {isa = PBXBuildFile; fileRef = 6762AE1A1F1EA7B2003106D5 /* Main.storyboard */; };
		6762AE271F1EA7B2003106D5 /* GluKeyTests.swift in Sources */ = {isa = PBXBuildFile; fileRef = 6762AE261F1EA7B2003106D5 /* GluKeyTests.swift */; };
		6762AE321F1EA7B2003106D5 /* GluKeyUITests.swift in Sources */ = {isa = PBXBuildFile; fileRef = 6762AE311F1EA7B2003106D5 /* GluKeyUITests.swift */; };
		6762AE611F1EA80B003106D5 /* Alamofire.framework in Frameworks */ = {isa = PBXBuildFile; fileRef = 6762AE4F1F1EA7E2003106D5 /* Alamofire.framework */; };
		6762AE621F1EA80B003106D5 /* Alamofire.framework in Embed Frameworks */ = {isa = PBXBuildFile; fileRef = 6762AE4F1F1EA7E2003106D5 /* Alamofire.framework */; settings = {ATTRIBUTES = (CodeSignOnCopy, RemoveHeadersOnCopy, ); }; };
		6762AE661F1EA820003106D5 /* Charts.framework in Frameworks */ = {isa = PBXBuildFile; fileRef = 6762AE5E1F1EA7EF003106D5 /* Charts.framework */; };
		6762AE671F1EA820003106D5 /* Charts.framework in Embed Frameworks */ = {isa = PBXBuildFile; fileRef = 6762AE5E1F1EA7EF003106D5 /* Charts.framework */; settings = {ATTRIBUTES = (CodeSignOnCopy, RemoveHeadersOnCopy, ); }; };
		6762AE761F1EABEF003106D5 /* GlucoseGraphController.swift in Sources */ = {isa = PBXBuildFile; fileRef = 6762AE741F1EABEF003106D5 /* GlucoseGraphController.swift */; };
		6762AE771F1EABEF003106D5 /* GlucoseGraphController.xib in Resources */ = {isa = PBXBuildFile; fileRef = 6762AE751F1EABEF003106D5 /* GlucoseGraphController.xib */; };
		6762AE851F1EB1CD003106D5 /* GlucoseHelper.swift in Sources */ = {isa = PBXBuildFile; fileRef = 6762AE841F1EB1CD003106D5 /* GlucoseHelper.swift */; };
		6762AE871F1EB597003106D5 /* Contants.swift in Sources */ = {isa = PBXBuildFile; fileRef = 6762AE861F1EB597003106D5 /* Contants.swift */; };
		6762AE891F1EEFB3003106D5 /* TimeHelper.swift in Sources */ = {isa = PBXBuildFile; fileRef = 6762AE881F1EEFB3003106D5 /* TimeHelper.swift */; };
		6762AE8B1F1EF953003106D5 /* LineChartFormatter.swift in Sources */ = {isa = PBXBuildFile; fileRef = 6762AE8A1F1EF953003106D5 /* LineChartFormatter.swift */; };
		678C8B7F1F24FB7700263E00 /* NotificationHelper.swift in Sources */ = {isa = PBXBuildFile; fileRef = 678C8B7E1F24FB7700263E00 /* NotificationHelper.swift */; };
		67A87B4F205C3A6500E6B692 /* UIHelper.swift in Sources */ = {isa = PBXBuildFile; fileRef = 67A87B4E205C3A6500E6B692 /* UIHelper.swift */; };
		67A9937B1F257A5B005A3D3A /* KeychainSwift.swift in Sources */ = {isa = PBXBuildFile; fileRef = 67A9937A1F257A5B005A3D3A /* KeychainSwift.swift */; };
		67F4E1241F20D0A400F9C52E /* EventMonitor.swift in Sources */ = {isa = PBXBuildFile; fileRef = 67F4E1231F20D0A400F9C52E /* EventMonitor.swift */; };
/* End PBXBuildFile section */

/* Begin PBXContainerItemProxy section */
		6762AE231F1EA7B2003106D5 /* PBXContainerItemProxy */ = {
			isa = PBXContainerItemProxy;
			containerPortal = 6762AE091F1EA7B2003106D5 /* Project object */;
			proxyType = 1;
			remoteGlobalIDString = 6762AE101F1EA7B2003106D5;
			remoteInfo = GluKey;
		};
		6762AE2E1F1EA7B2003106D5 /* PBXContainerItemProxy */ = {
			isa = PBXContainerItemProxy;
			containerPortal = 6762AE091F1EA7B2003106D5 /* Project object */;
			proxyType = 1;
			remoteGlobalIDString = 6762AE101F1EA7B2003106D5;
			remoteInfo = GluKey;
		};
		6762AE4A1F1EA7E2003106D5 /* PBXContainerItemProxy */ = {
			isa = PBXContainerItemProxy;
			containerPortal = 6762AE3F1F1EA7E2003106D5 /* Alamofire.xcodeproj */;
			proxyType = 2;
			remoteGlobalIDString = F8111E3319A95C8B0040E7D1;
			remoteInfo = "Alamofire iOS";
		};
		6762AE4C1F1EA7E2003106D5 /* PBXContainerItemProxy */ = {
			isa = PBXContainerItemProxy;
			containerPortal = 6762AE3F1F1EA7E2003106D5 /* Alamofire.xcodeproj */;
			proxyType = 2;
			remoteGlobalIDString = F8111E3E19A95C8B0040E7D1;
			remoteInfo = "Alamofire iOS Tests";
		};
		6762AE4E1F1EA7E2003106D5 /* PBXContainerItemProxy */ = {
			isa = PBXContainerItemProxy;
			containerPortal = 6762AE3F1F1EA7E2003106D5 /* Alamofire.xcodeproj */;
			proxyType = 2;
			remoteGlobalIDString = 4DD67C0B1A5C55C900ED2280;
			remoteInfo = "Alamofire macOS";
		};
		6762AE501F1EA7E2003106D5 /* PBXContainerItemProxy */ = {
			isa = PBXContainerItemProxy;
			containerPortal = 6762AE3F1F1EA7E2003106D5 /* Alamofire.xcodeproj */;
			proxyType = 2;
			remoteGlobalIDString = F829C6B21A7A94F100A2CD59;
			remoteInfo = "Alamofire macOS Tests";
		};
		6762AE521F1EA7E2003106D5 /* PBXContainerItemProxy */ = {
			isa = PBXContainerItemProxy;
			containerPortal = 6762AE3F1F1EA7E2003106D5 /* Alamofire.xcodeproj */;
			proxyType = 2;
			remoteGlobalIDString = 4CF626EF1BA7CB3E0011A099;
			remoteInfo = "Alamofire tvOS";
		};
		6762AE541F1EA7E2003106D5 /* PBXContainerItemProxy */ = {
			isa = PBXContainerItemProxy;
			containerPortal = 6762AE3F1F1EA7E2003106D5 /* Alamofire.xcodeproj */;
			proxyType = 2;
			remoteGlobalIDString = 4CF626F81BA7CB3E0011A099;
			remoteInfo = "Alamofire tvOS Tests";
		};
		6762AE561F1EA7E2003106D5 /* PBXContainerItemProxy */ = {
			isa = PBXContainerItemProxy;
			containerPortal = 6762AE3F1F1EA7E2003106D5 /* Alamofire.xcodeproj */;
			proxyType = 2;
			remoteGlobalIDString = E4202FE01B667AA100C997FB;
			remoteInfo = "Alamofire watchOS";
		};
		6762AE5D1F1EA7EF003106D5 /* PBXContainerItemProxy */ = {
			isa = PBXContainerItemProxy;
			containerPortal = 6762AE581F1EA7EF003106D5 /* Charts.xcodeproj */;
			proxyType = 2;
			remoteGlobalIDString = 06165F241D8110E600722320;
			remoteInfo = Charts;
		};
		6762AE5F1F1EA7EF003106D5 /* PBXContainerItemProxy */ = {
			isa = PBXContainerItemProxy;
			containerPortal = 6762AE581F1EA7EF003106D5 /* Charts.xcodeproj */;
			proxyType = 2;
			remoteGlobalIDString = 06165F2E1D8110E600722320;
			remoteInfo = ChartsTests;
		};
		6762AE631F1EA80B003106D5 /* PBXContainerItemProxy */ = {
			isa = PBXContainerItemProxy;
			containerPortal = 6762AE3F1F1EA7E2003106D5 /* Alamofire.xcodeproj */;
			proxyType = 1;
			remoteGlobalIDString = 4DD67C0A1A5C55C900ED2280;
			remoteInfo = "Alamofire macOS";
		};
		6762AE681F1EA820003106D5 /* PBXContainerItemProxy */ = {
			isa = PBXContainerItemProxy;
			containerPortal = 6762AE581F1EA7EF003106D5 /* Charts.xcodeproj */;
			proxyType = 1;
			remoteGlobalIDString = 06165F231D8110E600722320;
			remoteInfo = Charts;
		};
/* End PBXContainerItemProxy section */

/* Begin PBXCopyFilesBuildPhase section */
		6762AE651F1EA80B003106D5 /* Embed Frameworks */ = {
			isa = PBXCopyFilesBuildPhase;
			buildActionMask = 2147483647;
			dstPath = "";
			dstSubfolderSpec = 10;
			files = (
				6762AE621F1EA80B003106D5 /* Alamofire.framework in Embed Frameworks */,
				6762AE671F1EA820003106D5 /* Charts.framework in Embed Frameworks */,
			);
			name = "Embed Frameworks";
			runOnlyForDeploymentPostprocessing = 0;
		};
/* End PBXCopyFilesBuildPhase section */

/* Begin PBXFileReference section */
		6715FE6220E4A415004D1242 /* Connectivity.swift */ = {isa = PBXFileReference; lastKnownFileType = sourcecode.swift; path = Connectivity.swift; sourceTree = "<group>"; };
		6715FE6E20E4C1F0004D1242 /* DexcomHelper.swift */ = {isa = PBXFileReference; lastKnownFileType = sourcecode.swift; path = DexcomHelper.swift; sourceTree = "<group>"; };
		6762AE111F1EA7B2003106D5 /* GluKey.app */ = {isa = PBXFileReference; explicitFileType = wrapper.application; includeInIndex = 0; path = GluKey.app; sourceTree = BUILT_PRODUCTS_DIR; };
		6762AE141F1EA7B2003106D5 /* AppDelegate.swift */ = {isa = PBXFileReference; lastKnownFileType = sourcecode.swift; path = AppDelegate.swift; sourceTree = "<group>"; };
		6762AE161F1EA7B2003106D5 /* ViewController.swift */ = {isa = PBXFileReference; lastKnownFileType = sourcecode.swift; path = ViewController.swift; sourceTree = "<group>"; };
		6762AE181F1EA7B2003106D5 /* Assets.xcassets */ = {isa = PBXFileReference; lastKnownFileType = folder.assetcatalog; path = Assets.xcassets; sourceTree = "<group>"; };
		6762AE1B1F1EA7B2003106D5 /* Base */ = {isa = PBXFileReference; lastKnownFileType = file.storyboard; name = Base; path = Base.lproj/Main.storyboard; sourceTree = "<group>"; };
		6762AE1D1F1EA7B2003106D5 /* Info.plist */ = {isa = PBXFileReference; lastKnownFileType = text.plist.xml; path = Info.plist; sourceTree = "<group>"; };
		6762AE221F1EA7B2003106D5 /* GluKeyTests.xctest */ = {isa = PBXFileReference; explicitFileType = wrapper.cfbundle; includeInIndex = 0; path = GluKeyTests.xctest; sourceTree = BUILT_PRODUCTS_DIR; };
		6762AE261F1EA7B2003106D5 /* GluKeyTests.swift */ = {isa = PBXFileReference; lastKnownFileType = sourcecode.swift; path = GluKeyTests.swift; sourceTree = "<group>"; };
		6762AE281F1EA7B2003106D5 /* Info.plist */ = {isa = PBXFileReference; lastKnownFileType = text.plist.xml; path = Info.plist; sourceTree = "<group>"; };
		6762AE2D1F1EA7B2003106D5 /* GluKeyUITests.xctest */ = {isa = PBXFileReference; explicitFileType = wrapper.cfbundle; includeInIndex = 0; path = GluKeyUITests.xctest; sourceTree = BUILT_PRODUCTS_DIR; };
		6762AE311F1EA7B2003106D5 /* GluKeyUITests.swift */ = {isa = PBXFileReference; lastKnownFileType = sourcecode.swift; path = GluKeyUITests.swift; sourceTree = "<group>"; };
		6762AE331F1EA7B2003106D5 /* Info.plist */ = {isa = PBXFileReference; lastKnownFileType = text.plist.xml; path = Info.plist; sourceTree = "<group>"; };
		6762AE3F1F1EA7E2003106D5 /* Alamofire.xcodeproj */ = {isa = PBXFileReference; lastKnownFileType = "wrapper.pb-project"; name = Alamofire.xcodeproj; path = Alamofire/Alamofire.xcodeproj; sourceTree = SOURCE_ROOT; };
		6762AE581F1EA7EF003106D5 /* Charts.xcodeproj */ = {isa = PBXFileReference; lastKnownFileType = "wrapper.pb-project"; name = Charts.xcodeproj; path = Charts/Charts.xcodeproj; sourceTree = "<group>"; };
		6762AE741F1EABEF003106D5 /* GlucoseGraphController.swift */ = {isa = PBXFileReference; fileEncoding = 4; lastKnownFileType = sourcecode.swift; path = GlucoseGraphController.swift; sourceTree = "<group>"; };
		6762AE751F1EABEF003106D5 /* GlucoseGraphController.xib */ = {isa = PBXFileReference; fileEncoding = 4; lastKnownFileType = file.xib; path = GlucoseGraphController.xib; sourceTree = "<group>"; };
		6762AE841F1EB1CD003106D5 /* GlucoseHelper.swift */ = {isa = PBXFileReference; fileEncoding = 4; lastKnownFileType = sourcecode.swift; path = GlucoseHelper.swift; sourceTree = "<group>"; };
		6762AE861F1EB597003106D5 /* Contants.swift */ = {isa = PBXFileReference; fileEncoding = 4; lastKnownFileType = sourcecode.swift; path = Contants.swift; sourceTree = "<group>"; };
		6762AE881F1EEFB3003106D5 /* TimeHelper.swift */ = {isa = PBXFileReference; fileEncoding = 4; lastKnownFileType = sourcecode.swift; path = TimeHelper.swift; sourceTree = "<group>"; };
		6762AE8A1F1EF953003106D5 /* LineChartFormatter.swift */ = {isa = PBXFileReference; fileEncoding = 4; lastKnownFileType = sourcecode.swift; path = LineChartFormatter.swift; sourceTree = "<group>"; };
		678C8B7D1F229D9400263E00 /* GluKey.entitlements */ = {isa = PBXFileReference; lastKnownFileType = text.plist.entitlements; path = GluKey.entitlements; sourceTree = "<group>"; };
		678C8B7E1F24FB7700263E00 /* NotificationHelper.swift */ = {isa = PBXFileReference; fileEncoding = 4; lastKnownFileType = sourcecode.swift; path = NotificationHelper.swift; sourceTree = "<group>"; };
		67A87B4E205C3A6500E6B692 /* UIHelper.swift */ = {isa = PBXFileReference; lastKnownFileType = sourcecode.swift; path = UIHelper.swift; sourceTree = "<group>"; };
		67A9937A1F257A5B005A3D3A /* KeychainSwift.swift */ = {isa = PBXFileReference; fileEncoding = 4; lastKnownFileType = sourcecode.swift; path = KeychainSwift.swift; sourceTree = "<group>"; };
		67F4E1231F20D0A400F9C52E /* EventMonitor.swift */ = {isa = PBXFileReference; fileEncoding = 4; lastKnownFileType = sourcecode.swift; path = EventMonitor.swift; sourceTree = "<group>"; };
/* End PBXFileReference section */

/* Begin PBXFrameworksBuildPhase section */
		6762AE0E1F1EA7B2003106D5 /* Frameworks */ = {
			isa = PBXFrameworksBuildPhase;
			buildActionMask = 2147483647;
			files = (
				6762AE611F1EA80B003106D5 /* Alamofire.framework in Frameworks */,
				6762AE661F1EA820003106D5 /* Charts.framework in Frameworks */,
			);
			runOnlyForDeploymentPostprocessing = 0;
		};
		6762AE1F1F1EA7B2003106D5 /* Frameworks */ = {
			isa = PBXFrameworksBuildPhase;
			buildActionMask = 2147483647;
			files = (
			);
			runOnlyForDeploymentPostprocessing = 0;
		};
		6762AE2A1F1EA7B2003106D5 /* Frameworks */ = {
			isa = PBXFrameworksBuildPhase;
			buildActionMask = 2147483647;
			files = (
			);
			runOnlyForDeploymentPostprocessing = 0;
		};
/* End PBXFrameworksBuildPhase section */

/* Begin PBXGroup section */
		6762AE081F1EA7B2003106D5 = {
			isa = PBXGroup;
			children = (
				6762AE131F1EA7B2003106D5 /* GluKey */,
				6762AE3F1F1EA7E2003106D5 /* Alamofire.xcodeproj */,
				6762AE581F1EA7EF003106D5 /* Charts.xcodeproj */,
				6762AE251F1EA7B2003106D5 /* GluKeyTests */,
				6762AE301F1EA7B2003106D5 /* GluKeyUITests */,
				6762AE121F1EA7B2003106D5 /* Products */,
			);
			sourceTree = "<group>";
		};
		6762AE121F1EA7B2003106D5 /* Products */ = {
			isa = PBXGroup;
			children = (
				6762AE111F1EA7B2003106D5 /* GluKey.app */,
				6762AE221F1EA7B2003106D5 /* GluKeyTests.xctest */,
				6762AE2D1F1EA7B2003106D5 /* GluKeyUITests.xctest */,
			);
			name = Products;
			sourceTree = "<group>";
		};
		6762AE131F1EA7B2003106D5 /* GluKey */ = {
			isa = PBXGroup;
			children = (
				678C8B7D1F229D9400263E00 /* GluKey.entitlements */,
				6762AE141F1EA7B2003106D5 /* AppDelegate.swift */,
				6715FE6220E4A415004D1242 /* Connectivity.swift */,
				6762AE861F1EB597003106D5 /* Contants.swift */,
				6762AE841F1EB1CD003106D5 /* GlucoseHelper.swift */,
				6715FE6E20E4C1F0004D1242 /* DexcomHelper.swift */,
				67A87B4E205C3A6500E6B692 /* UIHelper.swift */,
				6762AE881F1EEFB3003106D5 /* TimeHelper.swift */,
				678C8B7E1F24FB7700263E00 /* NotificationHelper.swift */,
				6762AE8A1F1EF953003106D5 /* LineChartFormatter.swift */,
				67F4E1231F20D0A400F9C52E /* EventMonitor.swift */,
				6762AE741F1EABEF003106D5 /* GlucoseGraphController.swift */,
				6762AE751F1EABEF003106D5 /* GlucoseGraphController.xib */,
				6762AE181F1EA7B2003106D5 /* Assets.xcassets */,
				6762AE1A1F1EA7B2003106D5 /* Main.storyboard */,
				6762AE161F1EA7B2003106D5 /* ViewController.swift */,
				67A9937A1F257A5B005A3D3A /* KeychainSwift.swift */,
				6762AE1D1F1EA7B2003106D5 /* Info.plist */,
			);
			path = GluKey;
			sourceTree = "<group>";
		};
		6762AE251F1EA7B2003106D5 /* GluKeyTests */ = {
			isa = PBXGroup;
			children = (
				6762AE261F1EA7B2003106D5 /* GluKeyTests.swift */,
				6762AE281F1EA7B2003106D5 /* Info.plist */,
			);
			path = GluKeyTests;
			sourceTree = "<group>";
		};
		6762AE301F1EA7B2003106D5 /* GluKeyUITests */ = {
			isa = PBXGroup;
			children = (
				6762AE311F1EA7B2003106D5 /* GluKeyUITests.swift */,
				6762AE331F1EA7B2003106D5 /* Info.plist */,
			);
			path = GluKeyUITests;
			sourceTree = "<group>";
		};
		6762AE401F1EA7E2003106D5 /* Products */ = {
			isa = PBXGroup;
			children = (
				6762AE4B1F1EA7E2003106D5 /* Alamofire.framework */,
				6762AE4D1F1EA7E2003106D5 /* Alamofire iOS Tests.xctest */,
				6762AE4F1F1EA7E2003106D5 /* Alamofire.framework */,
				6762AE511F1EA7E2003106D5 /* Alamofire macOS Tests.xctest */,
				6762AE531F1EA7E2003106D5 /* Alamofire.framework */,
				6762AE551F1EA7E2003106D5 /* Alamofire tvOS Tests.xctest */,
				6762AE571F1EA7E2003106D5 /* Alamofire.framework */,
			);
			name = Products;
			sourceTree = "<group>";
		};
		6762AE591F1EA7EF003106D5 /* Products */ = {
			isa = PBXGroup;
			children = (
				6762AE5E1F1EA7EF003106D5 /* Charts.framework */,
				6762AE601F1EA7EF003106D5 /* ChartsTests.xctest */,
			);
			name = Products;
			sourceTree = "<group>";
		};
/* End PBXGroup section */

/* Begin PBXNativeTarget section */
		6762AE101F1EA7B2003106D5 /* GluKey */ = {
			isa = PBXNativeTarget;
			buildConfigurationList = 6762AE361F1EA7B2003106D5 /* Build configuration list for PBXNativeTarget "GluKey" */;
			buildPhases = (
				6762AE0D1F1EA7B2003106D5 /* Sources */,
				6762AE0E1F1EA7B2003106D5 /* Frameworks */,
				6762AE0F1F1EA7B2003106D5 /* Resources */,
				6762AE651F1EA80B003106D5 /* Embed Frameworks */,
			);
			buildRules = (
			);
			dependencies = (
				6762AE641F1EA80B003106D5 /* PBXTargetDependency */,
				6762AE691F1EA820003106D5 /* PBXTargetDependency */,
			);
			name = GluKey;
			productName = GluKey;
			productReference = 6762AE111F1EA7B2003106D5 /* GluKey.app */;
			productType = "com.apple.product-type.application";
		};
		6762AE211F1EA7B2003106D5 /* GluKeyTests */ = {
			isa = PBXNativeTarget;
			buildConfigurationList = 6762AE391F1EA7B2003106D5 /* Build configuration list for PBXNativeTarget "GluKeyTests" */;
			buildPhases = (
				6762AE1E1F1EA7B2003106D5 /* Sources */,
				6762AE1F1F1EA7B2003106D5 /* Frameworks */,
				6762AE201F1EA7B2003106D5 /* Resources */,
			);
			buildRules = (
			);
			dependencies = (
				6762AE241F1EA7B2003106D5 /* PBXTargetDependency */,
			);
			name = GluKeyTests;
			productName = GluKeyTests;
			productReference = 6762AE221F1EA7B2003106D5 /* GluKeyTests.xctest */;
			productType = "com.apple.product-type.bundle.unit-test";
		};
		6762AE2C1F1EA7B2003106D5 /* GluKeyUITests */ = {
			isa = PBXNativeTarget;
			buildConfigurationList = 6762AE3C1F1EA7B2003106D5 /* Build configuration list for PBXNativeTarget "GluKeyUITests" */;
			buildPhases = (
				6762AE291F1EA7B2003106D5 /* Sources */,
				6762AE2A1F1EA7B2003106D5 /* Frameworks */,
				6762AE2B1F1EA7B2003106D5 /* Resources */,
			);
			buildRules = (
			);
			dependencies = (
				6762AE2F1F1EA7B2003106D5 /* PBXTargetDependency */,
			);
			name = GluKeyUITests;
			productName = GluKeyUITests;
			productReference = 6762AE2D1F1EA7B2003106D5 /* GluKeyUITests.xctest */;
			productType = "com.apple.product-type.bundle.ui-testing";
		};
/* End PBXNativeTarget section */

/* Begin PBXProject section */
		6762AE091F1EA7B2003106D5 /* Project object */ = {
			isa = PBXProject;
			attributes = {
				LastSwiftUpdateCheck = 0830;
				LastUpgradeCheck = 0830;
				ORGANIZATIONNAME = "James Pierce";
				TargetAttributes = {
					6762AE101F1EA7B2003106D5 = {
						CreatedOnToolsVersion = 8.3.3;
						ProvisioningStyle = Automatic;
						SystemCapabilities = {
							com.apple.Sandbox = {
								enabled = 1;
							};
						};
					};
					6762AE211F1EA7B2003106D5 = {
						CreatedOnToolsVersion = 8.3.3;
						ProvisioningStyle = Automatic;
						TestTargetID = 6762AE101F1EA7B2003106D5;
					};
					6762AE2C1F1EA7B2003106D5 = {
						CreatedOnToolsVersion = 8.3.3;
						ProvisioningStyle = Automatic;
						TestTargetID = 6762AE101F1EA7B2003106D5;
					};
				};
			};
			buildConfigurationList = 6762AE0C1F1EA7B2003106D5 /* Build configuration list for PBXProject "GluKey" */;
			compatibilityVersion = "Xcode 3.2";
			developmentRegion = English;
			hasScannedForEncodings = 0;
			knownRegions = (
				en,
				Base,
			);
			mainGroup = 6762AE081F1EA7B2003106D5;
			productRefGroup = 6762AE121F1EA7B2003106D5 /* Products */;
			projectDirPath = "";
			projectReferences = (
				{
					ProductGroup = 6762AE401F1EA7E2003106D5 /* Products */;
					ProjectRef = 6762AE3F1F1EA7E2003106D5 /* Alamofire.xcodeproj */;
				},
				{
					ProductGroup = 6762AE591F1EA7EF003106D5 /* Products */;
					ProjectRef = 6762AE581F1EA7EF003106D5 /* Charts.xcodeproj */;
				},
			);
			projectRoot = "";
			targets = (
				6762AE101F1EA7B2003106D5 /* GluKey */,
				6762AE211F1EA7B2003106D5 /* GluKeyTests */,
				6762AE2C1F1EA7B2003106D5 /* GluKeyUITests */,
			);
		};
/* End PBXProject section */

/* Begin PBXReferenceProxy section */
		6762AE4B1F1EA7E2003106D5 /* Alamofire.framework */ = {
			isa = PBXReferenceProxy;
			fileType = wrapper.framework;
			path = Alamofire.framework;
			remoteRef = 6762AE4A1F1EA7E2003106D5 /* PBXContainerItemProxy */;
			sourceTree = BUILT_PRODUCTS_DIR;
		};
		6762AE4D1F1EA7E2003106D5 /* Alamofire iOS Tests.xctest */ = {
			isa = PBXReferenceProxy;
			fileType = wrapper.cfbundle;
			path = "Alamofire iOS Tests.xctest";
			remoteRef = 6762AE4C1F1EA7E2003106D5 /* PBXContainerItemProxy */;
			sourceTree = BUILT_PRODUCTS_DIR;
		};
		6762AE4F1F1EA7E2003106D5 /* Alamofire.framework */ = {
			isa = PBXReferenceProxy;
			fileType = wrapper.framework;
			path = Alamofire.framework;
			remoteRef = 6762AE4E1F1EA7E2003106D5 /* PBXContainerItemProxy */;
			sourceTree = BUILT_PRODUCTS_DIR;
		};
		6762AE511F1EA7E2003106D5 /* Alamofire macOS Tests.xctest */ = {
			isa = PBXReferenceProxy;
			fileType = wrapper.cfbundle;
			path = "Alamofire macOS Tests.xctest";
			remoteRef = 6762AE501F1EA7E2003106D5 /* PBXContainerItemProxy */;
			sourceTree = BUILT_PRODUCTS_DIR;
		};
		6762AE531F1EA7E2003106D5 /* Alamofire.framework */ = {
			isa = PBXReferenceProxy;
			fileType = wrapper.framework;
			path = Alamofire.framework;
			remoteRef = 6762AE521F1EA7E2003106D5 /* PBXContainerItemProxy */;
			sourceTree = BUILT_PRODUCTS_DIR;
		};
		6762AE551F1EA7E2003106D5 /* Alamofire tvOS Tests.xctest */ = {
			isa = PBXReferenceProxy;
			fileType = wrapper.cfbundle;
			path = "Alamofire tvOS Tests.xctest";
			remoteRef = 6762AE541F1EA7E2003106D5 /* PBXContainerItemProxy */;
			sourceTree = BUILT_PRODUCTS_DIR;
		};
		6762AE571F1EA7E2003106D5 /* Alamofire.framework */ = {
			isa = PBXReferenceProxy;
			fileType = wrapper.framework;
			path = Alamofire.framework;
			remoteRef = 6762AE561F1EA7E2003106D5 /* PBXContainerItemProxy */;
			sourceTree = BUILT_PRODUCTS_DIR;
		};
		6762AE5E1F1EA7EF003106D5 /* Charts.framework */ = {
			isa = PBXReferenceProxy;
			fileType = wrapper.framework;
			path = Charts.framework;
			remoteRef = 6762AE5D1F1EA7EF003106D5 /* PBXContainerItemProxy */;
			sourceTree = BUILT_PRODUCTS_DIR;
		};
		6762AE601F1EA7EF003106D5 /* ChartsTests.xctest */ = {
			isa = PBXReferenceProxy;
			fileType = wrapper.cfbundle;
			path = ChartsTests.xctest;
			remoteRef = 6762AE5F1F1EA7EF003106D5 /* PBXContainerItemProxy */;
			sourceTree = BUILT_PRODUCTS_DIR;
		};
/* End PBXReferenceProxy section */

/* Begin PBXResourcesBuildPhase section */
		6762AE0F1F1EA7B2003106D5 /* Resources */ = {
			isa = PBXResourcesBuildPhase;
			buildActionMask = 2147483647;
			files = (
				6762AE191F1EA7B2003106D5 /* Assets.xcassets in Resources */,
				6762AE1C1F1EA7B2003106D5 /* Main.storyboard in Resources */,
				6762AE771F1EABEF003106D5 /* GlucoseGraphController.xib in Resources */,
			);
			runOnlyForDeploymentPostprocessing = 0;
		};
		6762AE201F1EA7B2003106D5 /* Resources */ = {
			isa = PBXResourcesBuildPhase;
			buildActionMask = 2147483647;
			files = (
			);
			runOnlyForDeploymentPostprocessing = 0;
		};
		6762AE2B1F1EA7B2003106D5 /* Resources */ = {
			isa = PBXResourcesBuildPhase;
			buildActionMask = 2147483647;
			files = (
			);
			runOnlyForDeploymentPostprocessing = 0;
		};
/* End PBXResourcesBuildPhase section */

/* Begin PBXSourcesBuildPhase section */
		6762AE0D1F1EA7B2003106D5 /* Sources */ = {
			isa = PBXSourcesBuildPhase;
			buildActionMask = 2147483647;
			files = (
				6762AE761F1EABEF003106D5 /* GlucoseGraphController.swift in Sources */,
				6762AE171F1EA7B2003106D5 /* ViewController.swift in Sources */,
				6762AE891F1EEFB3003106D5 /* TimeHelper.swift in Sources */,
				67A87B4F205C3A6500E6B692 /* UIHelper.swift in Sources */,
				678C8B7F1F24FB7700263E00 /* NotificationHelper.swift in Sources */,
				6762AE871F1EB597003106D5 /* Contants.swift in Sources */,
				67A9937B1F257A5B005A3D3A /* KeychainSwift.swift in Sources */,
				6762AE151F1EA7B2003106D5 /* AppDelegate.swift in Sources */,
				6715FE6320E4A415004D1242 /* Connectivity.swift in Sources */,
				6762AE851F1EB1CD003106D5 /* GlucoseHelper.swift in Sources */,
				6715FE6F20E4C1F0004D1242 /* DexcomHelper.swift in Sources */,
				6762AE8B1F1EF953003106D5 /* LineChartFormatter.swift in Sources */,
				67F4E1241F20D0A400F9C52E /* EventMonitor.swift in Sources */,
			);
			runOnlyForDeploymentPostprocessing = 0;
		};
		6762AE1E1F1EA7B2003106D5 /* Sources */ = {
			isa = PBXSourcesBuildPhase;
			buildActionMask = 2147483647;
			files = (
				6762AE271F1EA7B2003106D5 /* GluKeyTests.swift in Sources */,
			);
			runOnlyForDeploymentPostprocessing = 0;
		};
		6762AE291F1EA7B2003106D5 /* Sources */ = {
			isa = PBXSourcesBuildPhase;
			buildActionMask = 2147483647;
			files = (
				6762AE321F1EA7B2003106D5 /* GluKeyUITests.swift in Sources */,
			);
			runOnlyForDeploymentPostprocessing = 0;
		};
/* End PBXSourcesBuildPhase section */

/* Begin PBXTargetDependency section */
		6762AE241F1EA7B2003106D5 /* PBXTargetDependency */ = {
			isa = PBXTargetDependency;
			target = 6762AE101F1EA7B2003106D5 /* GluKey */;
			targetProxy = 6762AE231F1EA7B2003106D5 /* PBXContainerItemProxy */;
		};
		6762AE2F1F1EA7B2003106D5 /* PBXTargetDependency */ = {
			isa = PBXTargetDependency;
			target = 6762AE101F1EA7B2003106D5 /* GluKey */;
			targetProxy = 6762AE2E1F1EA7B2003106D5 /* PBXContainerItemProxy */;
		};
		6762AE641F1EA80B003106D5 /* PBXTargetDependency */ = {
			isa = PBXTargetDependency;
			name = "Alamofire macOS";
			targetProxy = 6762AE631F1EA80B003106D5 /* PBXContainerItemProxy */;
		};
		6762AE691F1EA820003106D5 /* PBXTargetDependency */ = {
			isa = PBXTargetDependency;
			name = Charts;
			targetProxy = 6762AE681F1EA820003106D5 /* PBXContainerItemProxy */;
		};
/* End PBXTargetDependency section */

/* Begin PBXVariantGroup section */
		6762AE1A1F1EA7B2003106D5 /* Main.storyboard */ = {
			isa = PBXVariantGroup;
			children = (
				6762AE1B1F1EA7B2003106D5 /* Base */,
			);
			name = Main.storyboard;
			sourceTree = "<group>";
		};
/* End PBXVariantGroup section */

/* Begin XCBuildConfiguration section */
		6762AE341F1EA7B2003106D5 /* Debug */ = {
			isa = XCBuildConfiguration;
			buildSettings = {
				ALWAYS_SEARCH_USER_PATHS = NO;
				CLANG_ANALYZER_NONNULL = YES;
				CLANG_ANALYZER_NUMBER_OBJECT_CONVERSION = YES_AGGRESSIVE;
				CLANG_CXX_LANGUAGE_STANDARD = "gnu++0x";
				CLANG_CXX_LIBRARY = "libc++";
				CLANG_ENABLE_MODULES = YES;
				CLANG_ENABLE_OBJC_ARC = YES;
				CLANG_WARN_BOOL_CONVERSION = YES;
				CLANG_WARN_CONSTANT_CONVERSION = YES;
				CLANG_WARN_DIRECT_OBJC_ISA_USAGE = YES_ERROR;
				CLANG_WARN_DOCUMENTATION_COMMENTS = YES;
				CLANG_WARN_EMPTY_BODY = YES;
				CLANG_WARN_ENUM_CONVERSION = YES;
				CLANG_WARN_INFINITE_RECURSION = YES;
				CLANG_WARN_INT_CONVERSION = YES;
				CLANG_WARN_OBJC_ROOT_CLASS = YES_ERROR;
				CLANG_WARN_SUSPICIOUS_MOVE = YES;
				CLANG_WARN_UNREACHABLE_CODE = YES;
				CLANG_WARN__DUPLICATE_METHOD_MATCH = YES;
				CODE_SIGN_IDENTITY = "-";
				COPY_PHASE_STRIP = NO;
				DEBUG_INFORMATION_FORMAT = dwarf;
				ENABLE_STRICT_OBJC_MSGSEND = YES;
				ENABLE_TESTABILITY = YES;
				GCC_C_LANGUAGE_STANDARD = gnu99;
				GCC_DYNAMIC_NO_PIC = NO;
				GCC_NO_COMMON_BLOCKS = YES;
				GCC_OPTIMIZATION_LEVEL = 0;
				GCC_PREPROCESSOR_DEFINITIONS = (
					"DEBUG=1",
					"$(inherited)",
				);
				GCC_WARN_64_TO_32_BIT_CONVERSION = YES;
				GCC_WARN_ABOUT_RETURN_TYPE = YES_ERROR;
				GCC_WARN_UNDECLARED_SELECTOR = YES;
				GCC_WARN_UNINITIALIZED_AUTOS = YES_AGGRESSIVE;
				GCC_WARN_UNUSED_FUNCTION = YES;
				GCC_WARN_UNUSED_VARIABLE = YES;
				MACOSX_DEPLOYMENT_TARGET = 10.12;
				MTL_ENABLE_DEBUG_INFO = YES;
				ONLY_ACTIVE_ARCH = YES;
				SDKROOT = macosx;
				SWIFT_ACTIVE_COMPILATION_CONDITIONS = DEBUG;
				SWIFT_OPTIMIZATION_LEVEL = "-Onone";
			};
			name = Debug;
		};
		6762AE351F1EA7B2003106D5 /* Release */ = {
			isa = XCBuildConfiguration;
			buildSettings = {
				ALWAYS_SEARCH_USER_PATHS = NO;
				CLANG_ANALYZER_NONNULL = YES;
				CLANG_ANALYZER_NUMBER_OBJECT_CONVERSION = YES_AGGRESSIVE;
				CLANG_CXX_LANGUAGE_STANDARD = "gnu++0x";
				CLANG_CXX_LIBRARY = "libc++";
				CLANG_ENABLE_MODULES = YES;
				CLANG_ENABLE_OBJC_ARC = YES;
				CLANG_WARN_BOOL_CONVERSION = YES;
				CLANG_WARN_CONSTANT_CONVERSION = YES;
				CLANG_WARN_DIRECT_OBJC_ISA_USAGE = YES_ERROR;
				CLANG_WARN_DOCUMENTATION_COMMENTS = YES;
				CLANG_WARN_EMPTY_BODY = YES;
				CLANG_WARN_ENUM_CONVERSION = YES;
				CLANG_WARN_INFINITE_RECURSION = YES;
				CLANG_WARN_INT_CONVERSION = YES;
				CLANG_WARN_OBJC_ROOT_CLASS = YES_ERROR;
				CLANG_WARN_SUSPICIOUS_MOVE = YES;
				CLANG_WARN_UNREACHABLE_CODE = YES;
				CLANG_WARN__DUPLICATE_METHOD_MATCH = YES;
				CODE_SIGN_IDENTITY = "-";
				COPY_PHASE_STRIP = NO;
				DEBUG_INFORMATION_FORMAT = "dwarf-with-dsym";
				ENABLE_NS_ASSERTIONS = NO;
				ENABLE_STRICT_OBJC_MSGSEND = YES;
				GCC_C_LANGUAGE_STANDARD = gnu99;
				GCC_NO_COMMON_BLOCKS = YES;
				GCC_WARN_64_TO_32_BIT_CONVERSION = YES;
				GCC_WARN_ABOUT_RETURN_TYPE = YES_ERROR;
				GCC_WARN_UNDECLARED_SELECTOR = YES;
				GCC_WARN_UNINITIALIZED_AUTOS = YES_AGGRESSIVE;
				GCC_WARN_UNUSED_FUNCTION = YES;
				GCC_WARN_UNUSED_VARIABLE = YES;
				MACOSX_DEPLOYMENT_TARGET = 10.12;
				MTL_ENABLE_DEBUG_INFO = NO;
				SDKROOT = macosx;
				SWIFT_OPTIMIZATION_LEVEL = "-Owholemodule";
			};
			name = Release;
		};
		6762AE371F1EA7B2003106D5 /* Debug */ = {
			isa = XCBuildConfiguration;
			buildSettings = {
				ALWAYS_EMBED_SWIFT_STANDARD_LIBRARIES = YES;
				ASSETCATALOG_COMPILER_APPICON_NAME = AppIcon;
				CODE_SIGN_ENTITLEMENTS = GluKey/GluKey.entitlements;
				COMBINE_HIDPI_IMAGES = YES;
				INFOPLIST_FILE = GluKey/Info.plist;
				LD_RUNPATH_SEARCH_PATHS = "$(inherited) @executable_path/../Frameworks";
				PRODUCT_BUNDLE_IDENTIFIER = "is.james.GluKey-status";
				PRODUCT_NAME = "$(TARGET_NAME)";
				SWIFT_VERSION = 3.0;
			};
			name = Debug;
		};
		6762AE381F1EA7B2003106D5 /* Release */ = {
			isa = XCBuildConfiguration;
			buildSettings = {
				ALWAYS_EMBED_SWIFT_STANDARD_LIBRARIES = YES;
				ASSETCATALOG_COMPILER_APPICON_NAME = AppIcon;
				CODE_SIGN_ENTITLEMENTS = GluKey/GluKey.entitlements;
				COMBINE_HIDPI_IMAGES = YES;
				INFOPLIST_FILE = GluKey/Info.plist;
				LD_RUNPATH_SEARCH_PATHS = "$(inherited) @executable_path/../Frameworks";
				PRODUCT_BUNDLE_IDENTIFIER = "is.james.GluKey-status";
				PRODUCT_NAME = "$(TARGET_NAME)";
				SWIFT_OPTIMIZATION_LEVEL = "-O";
				SWIFT_VERSION = 3.0;
			};
			name = Release;
		};
		6762AE3A1F1EA7B2003106D5 /* Debug */ = {
			isa = XCBuildConfiguration;
			buildSettings = {
				ALWAYS_EMBED_SWIFT_STANDARD_LIBRARIES = YES;
				BUNDLE_LOADER = "$(TEST_HOST)";
				COMBINE_HIDPI_IMAGES = YES;
				INFOPLIST_FILE = GluKeyTests/Info.plist;
				LD_RUNPATH_SEARCH_PATHS = "$(inherited) @executable_path/../Frameworks @loader_path/../Frameworks";
				PRODUCT_BUNDLE_IDENTIFIER = is.james.GluKeyTests;
				PRODUCT_NAME = "$(TARGET_NAME)";
				SWIFT_VERSION = 3.0;
				TEST_HOST = "$(BUILT_PRODUCTS_DIR)/GluKey.app/Contents/MacOS/GluKey";
			};
			name = Debug;
		};
		6762AE3B1F1EA7B2003106D5 /* Release */ = {
			isa = XCBuildConfiguration;
			buildSettings = {
				ALWAYS_EMBED_SWIFT_STANDARD_LIBRARIES = YES;
				BUNDLE_LOADER = "$(TEST_HOST)";
				COMBINE_HIDPI_IMAGES = YES;
				INFOPLIST_FILE = GluKeyTests/Info.plist;
				LD_RUNPATH_SEARCH_PATHS = "$(inherited) @executable_path/../Frameworks @loader_path/../Frameworks";
				PRODUCT_BUNDLE_IDENTIFIER = is.james.GluKeyTests;
				PRODUCT_NAME = "$(TARGET_NAME)";
				SWIFT_VERSION = 3.0;
				TEST_HOST = "$(BUILT_PRODUCTS_DIR)/GluKey.app/Contents/MacOS/GluKey";
			};
			name = Release;
		};
		6762AE3D1F1EA7B2003106D5 /* Debug */ = {
			isa = XCBuildConfiguration;
			buildSettings = {
				ALWAYS_EMBED_SWIFT_STANDARD_LIBRARIES = YES;
				COMBINE_HIDPI_IMAGES = YES;
				INFOPLIST_FILE = GluKeyUITests/Info.plist;
				LD_RUNPATH_SEARCH_PATHS = "$(inherited) @executable_path/../Frameworks @loader_path/../Frameworks";
				PRODUCT_BUNDLE_IDENTIFIER = is.james.GluKeyUITests;
				PRODUCT_NAME = "$(TARGET_NAME)";
				SWIFT_VERSION = 3.0;
				TEST_TARGET_NAME = GluKey;
			};
			name = Debug;
		};
		6762AE3E1F1EA7B2003106D5 /* Release */ = {
			isa = XCBuildConfiguration;
			buildSettings = {
				ALWAYS_EMBED_SWIFT_STANDARD_LIBRARIES = YES;
				COMBINE_HIDPI_IMAGES = YES;
				INFOPLIST_FILE = GluKeyUITests/Info.plist;
				LD_RUNPATH_SEARCH_PATHS = "$(inherited) @executable_path/../Frameworks @loader_path/../Frameworks";
				PRODUCT_BUNDLE_IDENTIFIER = is.james.GluKeyUITests;
				PRODUCT_NAME = "$(TARGET_NAME)";
				SWIFT_VERSION = 3.0;
				TEST_TARGET_NAME = GluKey;
			};
			name = Release;
		};
/* End XCBuildConfiguration section */

/* Begin XCConfigurationList section */
		6762AE0C1F1EA7B2003106D5 /* Build configuration list for PBXProject "GluKey" */ = {
			isa = XCConfigurationList;
			buildConfigurations = (
				6762AE341F1EA7B2003106D5 /* Debug */,
				6762AE351F1EA7B2003106D5 /* Release */,
			);
			defaultConfigurationIsVisible = 0;
			defaultConfigurationName = Release;
		};
		6762AE361F1EA7B2003106D5 /* Build configuration list for PBXNativeTarget "GluKey" */ = {
			isa = XCConfigurationList;
			buildConfigurations = (
				6762AE371F1EA7B2003106D5 /* Debug */,
				6762AE381F1EA7B2003106D5 /* Release */,
			);
			defaultConfigurationIsVisible = 0;
			defaultConfigurationName = Release;
		};
		6762AE391F1EA7B2003106D5 /* Build configuration list for PBXNativeTarget "GluKeyTests" */ = {
			isa = XCConfigurationList;
			buildConfigurations = (
				6762AE3A1F1EA7B2003106D5 /* Debug */,
				6762AE3B1F1EA7B2003106D5 /* Release */,
			);
			defaultConfigurationIsVisible = 0;
			defaultConfigurationName = Release;
		};
		6762AE3C1F1EA7B2003106D5 /* Build configuration list for PBXNativeTarget "GluKeyUITests" */ = {
			isa = XCConfigurationList;
			buildConfigurations = (
				6762AE3D1F1EA7B2003106D5 /* Debug */,
				6762AE3E1F1EA7B2003106D5 /* Release */,
			);
			defaultConfigurationIsVisible = 0;
			defaultConfigurationName = Release;
		};
/* End XCConfigurationList section */
	};
	rootObject = 6762AE091F1EA7B2003106D5 /* Project object */;
}
